// !$*UTF8*$!
{
	archiveVersion = 1;
	classes = {
	};
	objectVersion = 56;
	objects = {

/* Begin PBXBuildFile section */
		7BA13F1229015ADA0021087F /* AppletiniProjectApp.swift in Sources */ = {isa = PBXBuildFile; fileRef = 7BA13F1129015ADA0021087F /* AppletiniProjectApp.swift */; };
		7BA13F1429015ADA0021087F /* ContentView.swift in Sources */ = {isa = PBXBuildFile; fileRef = 7BA13F1329015ADA0021087F /* ContentView.swift */; };
		7BA13F1629015ADB0021087F /* Assets.xcassets in Resources */ = {isa = PBXBuildFile; fileRef = 7BA13F1529015ADB0021087F /* Assets.xcassets */; };
		7BA13F1929015ADB0021087F /* Preview Assets.xcassets in Resources */ = {isa = PBXBuildFile; fileRef = 7BA13F1829015ADB0021087F /* Preview Assets.xcassets */; };
		7BA13F2229018E130021087F /* FeaturedSongCard.swift in Sources */ = {isa = PBXBuildFile; fileRef = 7BA13F2129018E130021087F /* FeaturedSongCard.swift */; };
		7BA13F2429018E2E0021087F /* Song.swift in Sources */ = {isa = PBXBuildFile; fileRef = 7BA13F2329018E2E0021087F /* Song.swift */; };
		7BA13F2629019F0E0021087F /* SongColor.swift in Sources */ = {isa = PBXBuildFile; fileRef = 7BA13F2529019F0E0021087F /* SongColor.swift */; };
		7BA13F302901BA3B0021087F /* ButtonsRowView.swift in Sources */ = {isa = PBXBuildFile; fileRef = 7BA13F2F2901BA3B0021087F /* ButtonsRowView.swift */; };
		FA7F315A29044BCC007E20F7 /* playSoundView.swift in Sources */ = {isa = PBXBuildFile; fileRef = FA7F315929044BCC007E20F7 /* playSoundView.swift */; };
		FA7F31632905E022007E20F7 /* Never Gonna Give You Up.mp3 in Resources */ = {isa = PBXBuildFile; fileRef = FA7F31622905E022007E20F7 /* Never Gonna Give You Up.mp3 */; };
/* End PBXBuildFile section */

/* Begin PBXFileReference section */
		7BA13F0E29015ADA0021087F /* AppletiniProject.app */ = {isa = PBXFileReference; explicitFileType = wrapper.application; includeInIndex = 0; path = AppletiniProject.app; sourceTree = BUILT_PRODUCTS_DIR; };
		7BA13F1129015ADA0021087F /* AppletiniProjectApp.swift */ = {isa = PBXFileReference; lastKnownFileType = sourcecode.swift; path = AppletiniProjectApp.swift; sourceTree = "<group>"; };
		7BA13F1329015ADA0021087F /* ContentView.swift */ = {isa = PBXFileReference; lastKnownFileType = sourcecode.swift; path = ContentView.swift; sourceTree = "<group>"; };
		7BA13F1529015ADB0021087F /* Assets.xcassets */ = {isa = PBXFileReference; lastKnownFileType = folder.assetcatalog; path = Assets.xcassets; sourceTree = "<group>"; };
		7BA13F1829015ADB0021087F /* Preview Assets.xcassets */ = {isa = PBXFileReference; lastKnownFileType = folder.assetcatalog; path = "Preview Assets.xcassets"; sourceTree = "<group>"; };
		7BA13F2129018E130021087F /* FeaturedSongCard.swift */ = {isa = PBXFileReference; lastKnownFileType = sourcecode.swift; path = FeaturedSongCard.swift; sourceTree = "<group>"; };
		7BA13F2329018E2E0021087F /* Song.swift */ = {isa = PBXFileReference; lastKnownFileType = sourcecode.swift; path = Song.swift; sourceTree = "<group>"; };
		7BA13F2529019F0E0021087F /* SongColor.swift */ = {isa = PBXFileReference; lastKnownFileType = sourcecode.swift; path = SongColor.swift; sourceTree = "<group>"; };
		7BA13F2F2901BA3B0021087F /* ButtonsRowView.swift */ = {isa = PBXFileReference; lastKnownFileType = sourcecode.swift; path = ButtonsRowView.swift; sourceTree = "<group>"; };
		FA7F315929044BCC007E20F7 /* playSoundView.swift */ = {isa = PBXFileReference; fileEncoding = 4; lastKnownFileType = sourcecode.swift; path = playSoundView.swift; sourceTree = "<group>"; };
		FA7F31622905E022007E20F7 /* Never Gonna Give You Up.mp3 */ = {isa = PBXFileReference; lastKnownFileType = audio.mp3; path = "Never Gonna Give You Up.mp3"; sourceTree = "<group>"; };
/* End PBXFileReference section */

/* Begin PBXFrameworksBuildPhase section */
		7BA13F0B29015ADA0021087F /* Frameworks */ = {
			isa = PBXFrameworksBuildPhase;
			buildActionMask = 2147483647;
			files = (
			);
			runOnlyForDeploymentPostprocessing = 0;
		};
/* End PBXFrameworksBuildPhase section */

/* Begin PBXGroup section */
		7BA13F0529015ADA0021087F = {
			isa = PBXGroup;
			children = (
				7BA13F1029015ADA0021087F /* AppletiniProject */,
				7BA13F0F29015ADA0021087F /* Products */,
			);
			sourceTree = "<group>";
		};
		7BA13F0F29015ADA0021087F /* Products */ = {
			isa = PBXGroup;
			children = (
				7BA13F0E29015ADA0021087F /* AppletiniProject.app */,
			);
			name = Products;
			sourceTree = "<group>";
		};
		7BA13F1029015ADA0021087F /* AppletiniProject */ = {
			isa = PBXGroup;
			children = (
				FA7F31622905E022007E20F7 /* Never Gonna Give You Up.mp3 */,
				7BA13F2C2901B4F00021087F /* Controller */,
				7BA13F2029018DD30021087F /* Views */,
				7BA13F1F29018DCB0021087F /* Models */,
				7BA13F1129015ADA0021087F /* AppletiniProjectApp.swift */,
				7BA13F1329015ADA0021087F /* ContentView.swift */,
				7BA13F1529015ADB0021087F /* Assets.xcassets */,
				7BA13F1729015ADB0021087F /* Preview Content */,
			);
			path = AppletiniProject;
			sourceTree = "<group>";
		};
		7BA13F1729015ADB0021087F /* Preview Content */ = {
			isa = PBXGroup;
			children = (
				7BA13F1829015ADB0021087F /* Preview Assets.xcassets */,
			);
			path = "Preview Content";
			sourceTree = "<group>";
		};
		7BA13F1F29018DCB0021087F /* Models */ = {
			isa = PBXGroup;
			children = (
				7BA13F2329018E2E0021087F /* Song.swift */,
				7BA13F2529019F0E0021087F /* SongColor.swift */,
			);
			path = Models;
			sourceTree = "<group>";
		};
		7BA13F2029018DD30021087F /* Views */ = {
			isa = PBXGroup;
			children = (
				FA7F315929044BCC007E20F7 /* playSoundView.swift */,
				7BA13F2129018E130021087F /* FeaturedSongCard.swift */,
				7BA13F2F2901BA3B0021087F /* ButtonsRowView.swift */,
			);
			path = Views;
			sourceTree = "<group>";
		};
		7BA13F2C2901B4F00021087F /* Controller */ = {
			isa = PBXGroup;
			children = (
			);
			path = Controller;
			sourceTree = "<group>";
		};
/* End PBXGroup section */

/* Begin PBXNativeTarget section */
		7BA13F0D29015ADA0021087F /* AppletiniProject */ = {
			isa = PBXNativeTarget;
			buildConfigurationList = 7BA13F1C29015ADB0021087F /* Build configuration list for PBXNativeTarget "AppletiniProject" */;
			buildPhases = (
				7BA13F0A29015ADA0021087F /* Sources */,
				7BA13F0B29015ADA0021087F /* Frameworks */,
				7BA13F0C29015ADA0021087F /* Resources */,
			);
			buildRules = (
			);
			dependencies = (
			);
			name = AppletiniProject;
			productName = AppletiniProject;
			productReference = 7BA13F0E29015ADA0021087F /* AppletiniProject.app */;
			productType = "com.apple.product-type.application";
		};
/* End PBXNativeTarget section */

/* Begin PBXProject section */
		7BA13F0629015ADA0021087F /* Project object */ = {
			isa = PBXProject;
			attributes = {
				BuildIndependentTargetsInParallel = 1;
				LastSwiftUpdateCheck = 1400;
				LastUpgradeCheck = 1400;
				TargetAttributes = {
					7BA13F0D29015ADA0021087F = {
						CreatedOnToolsVersion = 14.0;
					};
				};
			};
			buildConfigurationList = 7BA13F0929015ADA0021087F /* Build configuration list for PBXProject "AppletiniProject" */;
			compatibilityVersion = "Xcode 14.0";
			developmentRegion = en;
			hasScannedForEncodings = 0;
			knownRegions = (
				en,
				Base,
			);
			mainGroup = 7BA13F0529015ADA0021087F;
			productRefGroup = 7BA13F0F29015ADA0021087F /* Products */;
			projectDirPath = "";
			projectRoot = "";
			targets = (
				7BA13F0D29015ADA0021087F /* AppletiniProject */,
			);
		};
/* End PBXProject section */

/* Begin PBXResourcesBuildPhase section */
		7BA13F0C29015ADA0021087F /* Resources */ = {
			isa = PBXResourcesBuildPhase;
			buildActionMask = 2147483647;
			files = (
				7BA13F1929015ADB0021087F /* Preview Assets.xcassets in Resources */,
				7BA13F1629015ADB0021087F /* Assets.xcassets in Resources */,
				FA7F31632905E022007E20F7 /* Never Gonna Give You Up.mp3 in Resources */,
			);
			runOnlyForDeploymentPostprocessing = 0;
		};
/* End PBXResourcesBuildPhase section */

/* Begin PBXSourcesBuildPhase section */
		7BA13F0A29015ADA0021087F /* Sources */ = {
			isa = PBXSourcesBuildPhase;
			buildActionMask = 2147483647;
			files = (
				FA7F315A29044BCC007E20F7 /* playSoundView.swift in Sources */,
				7BA13F302901BA3B0021087F /* ButtonsRowView.swift in Sources */,
				7BA13F2429018E2E0021087F /* Song.swift in Sources */,
				7BA13F1429015ADA0021087F /* ContentView.swift in Sources */,
				7BA13F2629019F0E0021087F /* SongColor.swift in Sources */,
				7BA13F2229018E130021087F /* FeaturedSongCard.swift in Sources */,
				7BA13F1229015ADA0021087F /* AppletiniProjectApp.swift in Sources */,
			);
			runOnlyForDeploymentPostprocessing = 0;
		};
/* End PBXSourcesBuildPhase section */

/* Begin XCBuildConfiguration section */
		7BA13F1A29015ADB0021087F /* Debug */ = {
			isa = XCBuildConfiguration;
			buildSettings = {
				ALWAYS_SEARCH_USER_PATHS = NO;
				CLANG_ANALYZER_NONNULL = YES;
				CLANG_ANALYZER_NUMBER_OBJECT_CONVERSION = YES_AGGRESSIVE;
				CLANG_CXX_LANGUAGE_STANDARD = "gnu++20";
				CLANG_ENABLE_MODULES = YES;
				CLANG_ENABLE_OBJC_ARC = YES;
				CLANG_ENABLE_OBJC_WEAK = YES;
				CLANG_WARN_BLOCK_CAPTURE_AUTORELEASING = YES;
				CLANG_WARN_BOOL_CONVERSION = YES;
				CLANG_WARN_COMMA = YES;
				CLANG_WARN_CONSTANT_CONVERSION = YES;
				CLANG_WARN_DEPRECATED_OBJC_IMPLEMENTATIONS = YES;
				CLANG_WARN_DIRECT_OBJC_ISA_USAGE = YES_ERROR;
				CLANG_WARN_DOCUMENTATION_COMMENTS = YES;
				CLANG_WARN_EMPTY_BODY = YES;
				CLANG_WARN_ENUM_CONVERSION = YES;
				CLANG_WARN_INFINITE_RECURSION = YES;
				CLANG_WARN_INT_CONVERSION = YES;
				CLANG_WARN_NON_LITERAL_NULL_CONVERSION = YES;
				CLANG_WARN_OBJC_IMPLICIT_RETAIN_SELF = YES;
				CLANG_WARN_OBJC_LITERAL_CONVERSION = YES;
				CLANG_WARN_OBJC_ROOT_CLASS = YES_ERROR;
				CLANG_WARN_QUOTED_INCLUDE_IN_FRAMEWORK_HEADER = YES;
				CLANG_WARN_RANGE_LOOP_ANALYSIS = YES;
				CLANG_WARN_STRICT_PROTOTYPES = YES;
				CLANG_WARN_SUSPICIOUS_MOVE = YES;
				CLANG_WARN_UNGUARDED_AVAILABILITY = YES_AGGRESSIVE;
				CLANG_WARN_UNREACHABLE_CODE = YES;
				CLANG_WARN__DUPLICATE_METHOD_MATCH = YES;
				COPY_PHASE_STRIP = NO;
				DEBUG_INFORMATION_FORMAT = dwarf;
				ENABLE_STRICT_OBJC_MSGSEND = YES;
				ENABLE_TESTABILITY = YES;
				GCC_C_LANGUAGE_STANDARD = gnu11;
				GCC_DYNAMIC_NO_PIC = NO;
				GCC_NO_COMMON_BLOCKS = YES;
				GCC_OPTIMIZATION_LEVEL = 0;
				GCC_PREPROCESSOR_DEFINITIONS = (
					"DEBUG=1",
					"$(inherited)",
				);
				GCC_WARN_64_TO_32_BIT_CONVERSION = YES;
				GCC_WARN_ABOUT_RETURN_TYPE = YES_ERROR;
				GCC_WARN_UNDECLARED_SELECTOR = YES;
				GCC_WARN_UNINITIALIZED_AUTOS = YES_AGGRESSIVE;
				GCC_WARN_UNUSED_FUNCTION = YES;
				GCC_WARN_UNUSED_VARIABLE = YES;
				IPHONEOS_DEPLOYMENT_TARGET = 16.0;
				MTL_ENABLE_DEBUG_INFO = INCLUDE_SOURCE;
				MTL_FAST_MATH = YES;
				ONLY_ACTIVE_ARCH = YES;
				SDKROOT = iphoneos;
				SWIFT_ACTIVE_COMPILATION_CONDITIONS = DEBUG;
				SWIFT_OPTIMIZATION_LEVEL = "-Onone";
			};
			name = Debug;
		};
		7BA13F1B29015ADB0021087F /* Release */ = {
			isa = XCBuildConfiguration;
			buildSettings = {
				ALWAYS_SEARCH_USER_PATHS = NO;
				CLANG_ANALYZER_NONNULL = YES;
				CLANG_ANALYZER_NUMBER_OBJECT_CONVERSION = YES_AGGRESSIVE;
				CLANG_CXX_LANGUAGE_STANDARD = "gnu++20";
				CLANG_ENABLE_MODULES = YES;
				CLANG_ENABLE_OBJC_ARC = YES;
				CLANG_ENABLE_OBJC_WEAK = YES;
				CLANG_WARN_BLOCK_CAPTURE_AUTORELEASING = YES;
				CLANG_WARN_BOOL_CONVERSION = YES;
				CLANG_WARN_COMMA = YES;
				CLANG_WARN_CONSTANT_CONVERSION = YES;
				CLANG_WARN_DEPRECATED_OBJC_IMPLEMENTATIONS = YES;
				CLANG_WARN_DIRECT_OBJC_ISA_USAGE = YES_ERROR;
				CLANG_WARN_DOCUMENTATION_COMMENTS = YES;
				CLANG_WARN_EMPTY_BODY = YES;
				CLANG_WARN_ENUM_CONVERSION = YES;
				CLANG_WARN_INFINITE_RECURSION = YES;
				CLANG_WARN_INT_CONVERSION = YES;
				CLANG_WARN_NON_LITERAL_NULL_CONVERSION = YES;
				CLANG_WARN_OBJC_IMPLICIT_RETAIN_SELF = YES;
				CLANG_WARN_OBJC_LITERAL_CONVERSION = YES;
				CLANG_WARN_OBJC_ROOT_CLASS = YES_ERROR;
				CLANG_WARN_QUOTED_INCLUDE_IN_FRAMEWORK_HEADER = YES;
				CLANG_WARN_RANGE_LOOP_ANALYSIS = YES;
				CLANG_WARN_STRICT_PROTOTYPES = YES;
				CLANG_WARN_SUSPICIOUS_MOVE = YES;
				CLANG_WARN_UNGUARDED_AVAILABILITY = YES_AGGRESSIVE;
				CLANG_WARN_UNREACHABLE_CODE = YES;
				CLANG_WARN__DUPLICATE_METHOD_MATCH = YES;
				COPY_PHASE_STRIP = NO;
				DEBUG_INFORMATION_FORMAT = "dwarf-with-dsym";
				ENABLE_NS_ASSERTIONS = NO;
				ENABLE_STRICT_OBJC_MSGSEND = YES;
				GCC_C_LANGUAGE_STANDARD = gnu11;
				GCC_NO_COMMON_BLOCKS = YES;
				GCC_WARN_64_TO_32_BIT_CONVERSION = YES;
				GCC_WARN_ABOUT_RETURN_TYPE = YES_ERROR;
				GCC_WARN_UNDECLARED_SELECTOR = YES;
				GCC_WARN_UNINITIALIZED_AUTOS = YES_AGGRESSIVE;
				GCC_WARN_UNUSED_FUNCTION = YES;
				GCC_WARN_UNUSED_VARIABLE = YES;
				IPHONEOS_DEPLOYMENT_TARGET = 16.0;
				MTL_ENABLE_DEBUG_INFO = NO;
				MTL_FAST_MATH = YES;
				SDKROOT = iphoneos;
				SWIFT_COMPILATION_MODE = wholemodule;
				SWIFT_OPTIMIZATION_LEVEL = "-O";
				VALIDATE_PRODUCT = YES;
			};
			name = Release;
		};
		7BA13F1D29015ADB0021087F /* Debug */ = {
			isa = XCBuildConfiguration;
			buildSettings = {
				ASSETCATALOG_COMPILER_APPICON_NAME = AppIcon;
				ASSETCATALOG_COMPILER_GLOBAL_ACCENT_COLOR_NAME = AccentColor;
				CODE_SIGN_STYLE = Automatic;
				CURRENT_PROJECT_VERSION = 1;
				DEVELOPMENT_ASSET_PATHS = "\"AppletiniProject/Preview Content\"";
				ENABLE_PREVIEWS = YES;
				GENERATE_INFOPLIST_FILE = YES;
				INFOPLIST_KEY_UIApplicationSceneManifest_Generation = YES;
				INFOPLIST_KEY_UIApplicationSupportsIndirectInputEvents = YES;
				INFOPLIST_KEY_UILaunchScreen_Generation = YES;
				INFOPLIST_KEY_UISupportedInterfaceOrientations_iPad = "UIInterfaceOrientationPortrait UIInterfaceOrientationPortraitUpsideDown UIInterfaceOrientationLandscapeLeft UIInterfaceOrientationLandscapeRight";
				INFOPLIST_KEY_UISupportedInterfaceOrientations_iPhone = "UIInterfaceOrientationPortrait UIInterfaceOrientationLandscapeLeft UIInterfaceOrientationLandscapeRight";
				LD_RUNPATH_SEARCH_PATHS = (
					"$(inherited)",
					"@executable_path/Frameworks",
				);
				MARKETING_VERSION = 1.0;
				PRODUCT_BUNDLE_IDENTIFIER = "Swift-Academy.AppletiniProject";
				PRODUCT_NAME = "$(TARGET_NAME)";
				SWIFT_EMIT_LOC_STRINGS = YES;
				SWIFT_VERSION = 5.0;
				TARGETED_DEVICE_FAMILY = "1,2";
			};
			name = Debug;
		};
		7BA13F1E29015ADB0021087F /* Release */ = {
			isa = XCBuildConfiguration;
			buildSettings = {
				ASSETCATALOG_COMPILER_APPICON_NAME = AppIcon;
				ASSETCATALOG_COMPILER_GLOBAL_ACCENT_COLOR_NAME = AccentColor;
				CODE_SIGN_STYLE = Automatic;
				CURRENT_PROJECT_VERSION = 1;
				DEVELOPMENT_ASSET_PATHS = "\"AppletiniProject/Preview Content\"";
				ENABLE_PREVIEWS = YES;
				GENERATE_INFOPLIST_FILE = YES;
				INFOPLIST_KEY_UIApplicationSceneManifest_Generation = YES;
				INFOPLIST_KEY_UIApplicationSupportsIndirectInputEvents = YES;
				INFOPLIST_KEY_UILaunchScreen_Generation = YES;
				INFOPLIST_KEY_UISupportedInterfaceOrientations_iPad = "UIInterfaceOrientationPortrait UIInterfaceOrientationPortraitUpsideDown UIInterfaceOrientationLandscapeLeft UIInterfaceOrientationLandscapeRight";
				INFOPLIST_KEY_UISupportedInterfaceOrientations_iPhone = "UIInterfaceOrientationPortrait UIInterfaceOrientationLandscapeLeft UIInterfaceOrientationLandscapeRight";
				LD_RUNPATH_SEARCH_PATHS = (
					"$(inherited)",
					"@executable_path/Frameworks",
				);
				MARKETING_VERSION = 1.0;
				PRODUCT_BUNDLE_IDENTIFIER = "Swift-Academy.AppletiniProject";
				PRODUCT_NAME = "$(TARGET_NAME)";
				SWIFT_EMIT_LOC_STRINGS = YES;
				SWIFT_VERSION = 5.0;
				TARGETED_DEVICE_FAMILY = "1,2";
			};
			name = Release;
		};
/* End XCBuildConfiguration section */

/* Begin XCConfigurationList section */
		7BA13F0929015ADA0021087F /* Build configuration list for PBXProject "AppletiniProject" */ = {
			isa = XCConfigurationList;
			buildConfigurations = (
				7BA13F1A29015ADB0021087F /* Debug */,
				7BA13F1B29015ADB0021087F /* Release */,
			);
			defaultConfigurationIsVisible = 0;
			defaultConfigurationName = Release;
		};
		7BA13F1C29015ADB0021087F /* Build configuration list for PBXNativeTarget "AppletiniProject" */ = {
			isa = XCConfigurationList;
			buildConfigurations = (
				7BA13F1D29015ADB0021087F /* Debug */,
				7BA13F1E29015ADB0021087F /* Release */,
			);
			defaultConfigurationIsVisible = 0;
			defaultConfigurationName = Release;
		};
/* End XCConfigurationList section */
	};
	rootObject = 7BA13F0629015ADA0021087F /* Project object */;
}
